
Microsoft Visual Studio Solution File, Format Version 12.00
# Visual Studio 15
VisualStudioVersion = 15.0.28010.2048
MinimumVisualStudioVersion = 10.0.40219.1
Project("{FAE04EC0-301F-11D3-BF4B-00C04F79EFBC}") = "CA201007_2", "CA201007_2\CA201007_2.csproj", "{B47D857F-35AF-49FB-8FEA-A7810CC4D57F}"
EndProject
Global
	GlobalSection(SolutionConfigurationPlatforms) = preSolution
		Debug|Any CPU = Debug|Any CPU
		Release|Any CPU = Release|Any CPU
	EndGlobalSection
	GlobalSection(ProjectConfigurationPlatforms) = postSolution
		{B47D857F-35AF-49FB-8FEA-A7810CC4D57F}.Debug|Any CPU.ActiveCfg = Debug|Any CPU
		{B47D857F-35AF-49FB-8FEA-A7810CC4D57F}.Debug|Any CPU.Build.0 = Debug|Any CPU
		{B47D857F-35AF-49FB-8FEA-A7810CC4D57F}.Release|Any CPU.ActiveCfg = Release|Any CPU
		{B47D857F-35AF-49FB-8FEA-A7810CC4D57F}.Release|Any CPU.Build.0 = Release|Any CPU
	EndGlobalSection
	GlobalSection(SolutionProperties) = preSolution
		HideSolutionNode = FALSE
	EndGlobalSection
	GlobalSection(ExtensibilityGlobals) = postSolution
		SolutionGuid = {5A680362-C4B6-4868-BBBA-90FA4661A125}
	EndGlobalSection
EndGlobal
